// !$*UTF8*$!
{
	archiveVersion = 1;
	classes = {
	};
	objectVersion = 56;
	objects = {

/* Begin PBXBuildFile section */
		B3141B542C3F6DFB00FE8A4E /* AppDelegate.swift in Sources */ = {isa = PBXBuildFile; fileRef = B3141B532C3F6DFB00FE8A4E /* AppDelegate.swift */; };
		B3141B562C3F6DFB00FE8A4E /* SceneDelegate.swift in Sources */ = {isa = PBXBuildFile; fileRef = B3141B552C3F6DFB00FE8A4E /* SceneDelegate.swift */; };
		B3141B582C3F6DFB00FE8A4E /* ViewController.swift in Sources */ = {isa = PBXBuildFile; fileRef = B3141B572C3F6DFB00FE8A4E /* ViewController.swift */; };
		B3141B5B2C3F6DFB00FE8A4E /* Base in Resources */ = {isa = PBXBuildFile; fileRef = B3141B5A2C3F6DFB00FE8A4E /* Base */; };
		B3141B5D2C3F6DFC00FE8A4E /* Assets.xcassets in Resources */ = {isa = PBXBuildFile; fileRef = B3141B5C2C3F6DFC00FE8A4E /* Assets.xcassets */; };
		B3141B602C3F6DFC00FE8A4E /* Base in Resources */ = {isa = PBXBuildFile; fileRef = B3141B5F2C3F6DFC00FE8A4E /* Base */; };
/* End PBXBuildFile section */

/* Begin PBXFileReference section */
		B3141B502C3F6DFB00FE8A4E /* Week4 Assignment_TableView.app */ = {isa = PBXFileReference; explicitFileType = wrapper.application; includeInIndex = 0; path = "Week4 Assignment_TableView.app"; sourceTree = BUILT_PRODUCTS_DIR; };
		B3141B532C3F6DFB00FE8A4E /* AppDelegate.swift */ = {isa = PBXFileReference; lastKnownFileType = sourcecode.swift; path = AppDelegate.swift; sourceTree = "<group>"; };
		B3141B552C3F6DFB00FE8A4E /* SceneDelegate.swift */ = {isa = PBXFileReference; lastKnownFileType = sourcecode.swift; path = SceneDelegate.swift; sourceTree = "<group>"; };
		B3141B572C3F6DFB00FE8A4E /* ViewController.swift */ = {isa = PBXFileReference; lastKnownFileType = sourcecode.swift; path = ViewController.swift; sourceTree = "<group>"; };
		B3141B5A2C3F6DFB00FE8A4E /* Base */ = {isa = PBXFileReference; lastKnownFileType = file.storyboard; name = Base; path = Base.lproj/Main.storyboard; sourceTree = "<group>"; };
		B3141B5C2C3F6DFC00FE8A4E /* Assets.xcassets */ = {isa = PBXFileReference; lastKnownFileType = folder.assetcatalog; path = Assets.xcassets; sourceTree = "<group>"; };
		B3141B5F2C3F6DFC00FE8A4E /* Base */ = {isa = PBXFileReference; lastKnownFileType = file.storyboard; name = Base; path = Base.lproj/LaunchScreen.storyboard; sourceTree = "<group>"; };
		B3141B612C3F6DFC00FE8A4E /* Info.plist */ = {isa = PBXFileReference; lastKnownFileType = text.plist.xml; path = Info.plist; sourceTree = "<group>"; };
		B3141B672C3F781D00FE8A4E /* Q2_reoladData().md */ = {isa = PBXFileReference; lastKnownFileType = net.daringfireball.markdown; path = "Q2_reoladData().md"; sourceTree = "<group>"; };
/* End PBXFileReference section */

/* Begin PBXFrameworksBuildPhase section */
		B3141B4D2C3F6DFB00FE8A4E /* Frameworks */ = {
			isa = PBXFrameworksBuildPhase;
			buildActionMask = 2147483647;
			files = (
			);
			runOnlyForDeploymentPostprocessing = 0;
		};
/* End PBXFrameworksBuildPhase section */

/* Begin PBXGroup section */
		B3141B472C3F6DFB00FE8A4E = {
			isa = PBXGroup;
			children = (
				B3141B522C3F6DFB00FE8A4E /* Week4 Assignment_TableView */,
				B3141B512C3F6DFB00FE8A4E /* Products */,
			);
			sourceTree = "<group>";
		};
		B3141B512C3F6DFB00FE8A4E /* Products */ = {
			isa = PBXGroup;
			children = (
				B3141B502C3F6DFB00FE8A4E /* Week4 Assignment_TableView.app */,
			);
			name = Products;
			sourceTree = "<group>";
		};
		B3141B522C3F6DFB00FE8A4E /* Week4 Assignment_TableView */ = {
			isa = PBXGroup;
			children = (
				B3141B532C3F6DFB00FE8A4E /* AppDelegate.swift */,
				B3141B552C3F6DFB00FE8A4E /* SceneDelegate.swift */,
				B3141B572C3F6DFB00FE8A4E /* ViewController.swift */,
				B3141B672C3F781D00FE8A4E /* Q2_reoladData().md */,
				B3141B592C3F6DFB00FE8A4E /* Main.storyboard */,
				B3141B5C2C3F6DFC00FE8A4E /* Assets.xcassets */,
				B3141B5E2C3F6DFC00FE8A4E /* LaunchScreen.storyboard */,
				B3141B612C3F6DFC00FE8A4E /* Info.plist */,
			);
			path = "Week4 Assignment_TableView";
			sourceTree = "<group>";
		};
/* End PBXGroup section */

/* Begin PBXNativeTarget section */
		B3141B4F2C3F6DFB00FE8A4E /* Week4 Assignment_TableView */ = {
			isa = PBXNativeTarget;
			buildConfigurationList = B3141B642C3F6DFC00FE8A4E /* Build configuration list for PBXNativeTarget "Week4 Assignment_TableView" */;
			buildPhases = (
				B3141B4C2C3F6DFB00FE8A4E /* Sources */,
				B3141B4D2C3F6DFB00FE8A4E /* Frameworks */,
				B3141B4E2C3F6DFB00FE8A4E /* Resources */,
			);
			buildRules = (
			);
			dependencies = (
			);
			name = "Week4 Assignment_TableView";
			productName = "Week4 Assignment_TableView";
			productReference = B3141B502C3F6DFB00FE8A4E /* Week4 Assignment_TableView.app */;
			productType = "com.apple.product-type.application";
		};
/* End PBXNativeTarget section */

/* Begin PBXProject section */
		B3141B482C3F6DFB00FE8A4E /* Project object */ = {
			isa = PBXProject;
			attributes = {
				BuildIndependentTargetsInParallel = 1;
				LastSwiftUpdateCheck = 1540;
				LastUpgradeCheck = 1540;
				TargetAttributes = {
					B3141B4F2C3F6DFB00FE8A4E = {
						CreatedOnToolsVersion = 15.4;
					};
				};
			};
			buildConfigurationList = B3141B4B2C3F6DFB00FE8A4E /* Build configuration list for PBXProject "Week4 Assignment_TableView" */;
			compatibilityVersion = "Xcode 14.0";
			developmentRegion = en;
			hasScannedForEncodings = 0;
			knownRegions = (
				en,
				Base,
			);
			mainGroup = B3141B472C3F6DFB00FE8A4E;
			productRefGroup = B3141B512C3F6DFB00FE8A4E /* Products */;
			projectDirPath = "";
			projectRoot = "";
			targets = (
				B3141B4F2C3F6DFB00FE8A4E /* Week4 Assignment_TableView */,
			);
		};
/* End PBXProject section */

/* Begin PBXResourcesBuildPhase section */
		B3141B4E2C3F6DFB00FE8A4E /* Resources */ = {
			isa = PBXResourcesBuildPhase;
			buildActionMask = 2147483647;
			files = (
				B3141B5D2C3F6DFC00FE8A4E /* Assets.xcassets in Resources */,
				B3141B602C3F6DFC00FE8A4E /* Base in Resources */,
				B3141B5B2C3F6DFB00FE8A4E /* Base in Resources */,
			);
			runOnlyForDeploymentPostprocessing = 0;
		};
/* End PBXResourcesBuildPhase section */

/* Begin PBXSourcesBuildPhase section */
		B3141B4C2C3F6DFB00FE8A4E /* Sources */ = {
			isa = PBXSourcesBuildPhase;
			buildActionMask = 2147483647;
			files = (
				B3141B582C3F6DFB00FE8A4E /* ViewController.swift in Sources */,
				B3141B542C3F6DFB00FE8A4E /* AppDelegate.swift in Sources */,
				B3141B562C3F6DFB00FE8A4E /* SceneDelegate.swift in Sources */,
			);
			runOnlyForDeploymentPostprocessing = 0;
		};
/* End PBXSourcesBuildPhase section */

/* Begin PBXVariantGroup section */
		B3141B592C3F6DFB00FE8A4E /* Main.storyboard */ = {
			isa = PBXVariantGroup;
			children = (
				B3141B5A2C3F6DFB00FE8A4E /* Base */,
			);
			name = Main.storyboard;
			sourceTree = "<group>";
		};
		B3141B5E2C3F6DFC00FE8A4E /* LaunchScreen.storyboard */ = {
			isa = PBXVariantGroup;
			children = (
				B3141B5F2C3F6DFC00FE8A4E /* Base */,
			);
			name = LaunchScreen.storyboard;
			sourceTree = "<group>";
		};
/* End PBXVariantGroup section */

/* Begin XCBuildConfiguration section */
		B3141B622C3F6DFC00FE8A4E /* Debug */ = {
			isa = XCBuildConfiguration;
			buildSettings = {
				ALWAYS_SEARCH_USER_PATHS = NO;
				ASSETCATALOG_COMPILER_GENERATE_SWIFT_ASSET_SYMBOL_EXTENSIONS = YES;
				CLANG_ANALYZER_NONNULL = YES;
				CLANG_ANALYZER_NUMBER_OBJECT_CONVERSION = YES_AGGRESSIVE;
				CLANG_CXX_LANGUAGE_STANDARD = "gnu++20";
				CLANG_ENABLE_MODULES = YES;
				CLANG_ENABLE_OBJC_ARC = YES;
				CLANG_ENABLE_OBJC_WEAK = YES;
				CLANG_WARN_BLOCK_CAPTURE_AUTORELEASING = YES;
				CLANG_WARN_BOOL_CONVERSION = YES;
				CLANG_WARN_COMMA = YES;
				CLANG_WARN_CONSTANT_CONVERSION = YES;
				CLANG_WARN_DEPRECATED_OBJC_IMPLEMENTATIONS = YES;
				CLANG_WARN_DIRECT_OBJC_ISA_USAGE = YES_ERROR;
				CLANG_WARN_DOCUMENTATION_COMMENTS = YES;
				CLANG_WARN_EMPTY_BODY = YES;
				CLANG_WARN_ENUM_CONVERSION = YES;
				CLANG_WARN_INFINITE_RECURSION = YES;
				CLANG_WARN_INT_CONVERSION = YES;
				CLANG_WARN_NON_LITERAL_NULL_CONVERSION = YES;
				CLANG_WARN_OBJC_IMPLICIT_RETAIN_SELF = YES;
				CLANG_WARN_OBJC_LITERAL_CONVERSION = YES;
				CLANG_WARN_OBJC_ROOT_CLASS = YES_ERROR;
				CLANG_WARN_QUOTED_INCLUDE_IN_FRAMEWORK_HEADER = YES;
				CLANG_WARN_RANGE_LOOP_ANALYSIS = YES;
				CLANG_WARN_STRICT_PROTOTYPES = YES;
				CLANG_WARN_SUSPICIOUS_MOVE = YES;
				CLANG_WARN_UNGUARDED_AVAILABILITY = YES_AGGRESSIVE;
				CLANG_WARN_UNREACHABLE_CODE = YES;
				CLANG_WARN__DUPLICATE_METHOD_MATCH = YES;
				COPY_PHASE_STRIP = NO;
				DEBUG_INFORMATION_FORMAT = dwarf;
				ENABLE_STRICT_OBJC_MSGSEND = YES;
				ENABLE_TESTABILITY = YES;
				ENABLE_USER_SCRIPT_SANDBOXING = YES;
				GCC_C_LANGUAGE_STANDARD = gnu17;
				GCC_DYNAMIC_NO_PIC = NO;
				GCC_NO_COMMON_BLOCKS = YES;
				GCC_OPTIMIZATION_LEVEL = 0;
				GCC_PREPROCESSOR_DEFINITIONS = (
					"DEBUG=1",
					"$(inherited)",
				);
				GCC_WARN_64_TO_32_BIT_CONVERSION = YES;
				GCC_WARN_ABOUT_RETURN_TYPE = YES_ERROR;
				GCC_WARN_UNDECLARED_SELECTOR = YES;
				GCC_WARN_UNINITIALIZED_AUTOS = YES_AGGRESSIVE;
				GCC_WARN_UNUSED_FUNCTION = YES;
				GCC_WARN_UNUSED_VARIABLE = YES;
				IPHONEOS_DEPLOYMENT_TARGET = 17.5;
				LOCALIZATION_PREFERS_STRING_CATALOGS = YES;
				MTL_ENABLE_DEBUG_INFO = INCLUDE_SOURCE;
				MTL_FAST_MATH = YES;
				ONLY_ACTIVE_ARCH = YES;
				SDKROOT = iphoneos;
				SWIFT_ACTIVE_COMPILATION_CONDITIONS = "DEBUG $(inherited)";
				SWIFT_OPTIMIZATION_LEVEL = "-Onone";
			};
			name = Debug;
		};
		B3141B632C3F6DFC00FE8A4E /* Release */ = {
			isa = XCBuildConfiguration;
			buildSettings = {
				ALWAYS_SEARCH_USER_PATHS = NO;
				ASSETCATALOG_COMPILER_GENERATE_SWIFT_ASSET_SYMBOL_EXTENSIONS = YES;
				CLANG_ANALYZER_NONNULL = YES;
				CLANG_ANALYZER_NUMBER_OBJECT_CONVERSION = YES_AGGRESSIVE;
				CLANG_CXX_LANGUAGE_STANDARD = "gnu++20";
				CLANG_ENABLE_MODULES = YES;
				CLANG_ENABLE_OBJC_ARC = YES;
				CLANG_ENABLE_OBJC_WEAK = YES;
				CLANG_WARN_BLOCK_CAPTURE_AUTORELEASING = YES;
				CLANG_WARN_BOOL_CONVERSION = YES;
				CLANG_WARN_COMMA = YES;
				CLANG_WARN_CONSTANT_CONVERSION = YES;
				CLANG_WARN_DEPRECATED_OBJC_IMPLEMENTATIONS = YES;
				CLANG_WARN_DIRECT_OBJC_ISA_USAGE = YES_ERROR;
				CLANG_WARN_DOCUMENTATION_COMMENTS = YES;
				CLANG_WARN_EMPTY_BODY = YES;
				CLANG_WARN_ENUM_CONVERSION = YES;
				CLANG_WARN_INFINITE_RECURSION = YES;
				CLANG_WARN_INT_CONVERSION = YES;
				CLANG_WARN_NON_LITERAL_NULL_CONVERSION = YES;
				CLANG_WARN_OBJC_IMPLICIT_RETAIN_SELF = YES;
				CLANG_WARN_OBJC_LITERAL_CONVERSION = YES;
				CLANG_WARN_OBJC_ROOT_CLASS = YES_ERROR;
				CLANG_WARN_QUOTED_INCLUDE_IN_FRAMEWORK_HEADER = YES;
				CLANG_WARN_RANGE_LOOP_ANALYSIS = YES;
				CLANG_WARN_STRICT_PROTOTYPES = YES;
				CLANG_WARN_SUSPICIOUS_MOVE = YES;
				CLANG_WARN_UNGUARDED_AVAILABILITY = YES_AGGRESSIVE;
				CLANG_WARN_UNREACHABLE_CODE = YES;
				CLANG_WARN__DUPLICATE_METHOD_MATCH = YES;
				COPY_PHASE_STRIP = NO;
				DEBUG_INFORMATION_FORMAT = "dwarf-with-dsym";
				ENABLE_NS_ASSERTIONS = NO;
				ENABLE_STRICT_OBJC_MSGSEND = YES;
				ENABLE_USER_SCRIPT_SANDBOXING = YES;
				GCC_C_LANGUAGE_STANDARD = gnu17;
				GCC_NO_COMMON_BLOCKS = YES;
				GCC_WARN_64_TO_32_BIT_CONVERSION = YES;
				GCC_WARN_ABOUT_RETURN_TYPE = YES_ERROR;
				GCC_WARN_UNDECLARED_SELECTOR = YES;
				GCC_WARN_UNINITIALIZED_AUTOS = YES_AGGRESSIVE;
				GCC_WARN_UNUSED_FUNCTION = YES;
				GCC_WARN_UNUSED_VARIABLE = YES;
				IPHONEOS_DEPLOYMENT_TARGET = 17.5;
				LOCALIZATION_PREFERS_STRING_CATALOGS = YES;
				MTL_ENABLE_DEBUG_INFO = NO;
				MTL_FAST_MATH = YES;
				SDKROOT = iphoneos;
				SWIFT_COMPILATION_MODE = wholemodule;
				VALIDATE_PRODUCT = YES;
			};
			name = Release;
		};
		B3141B652C3F6DFC00FE8A4E /* Debug */ = {
			isa = XCBuildConfiguration;
			buildSettings = {
				ASSETCATALOG_COMPILER_APPICON_NAME = AppIcon;
				ASSETCATALOG_COMPILER_GLOBAL_ACCENT_COLOR_NAME = AccentColor;
				CODE_SIGN_STYLE = Automatic;
				CURRENT_PROJECT_VERSION = 1;
				DEVELOPMENT_TEAM = V8MQ39JANS;
				GENERATE_INFOPLIST_FILE = YES;
				INFOPLIST_FILE = "Week4 Assignment_TableView/Info.plist";
				INFOPLIST_KEY_UIApplicationSupportsIndirectInputEvents = YES;
				INFOPLIST_KEY_UILaunchStoryboardName = LaunchScreen;
				INFOPLIST_KEY_UIMainStoryboardFile = Main;
				INFOPLIST_KEY_UISupportedInterfaceOrientations_iPad = "UIInterfaceOrientationPortrait UIInterfaceOrientationPortraitUpsideDown UIInterfaceOrientationLandscapeLeft UIInterfaceOrientationLandscapeRight";
				INFOPLIST_KEY_UISupportedInterfaceOrientations_iPhone = "UIInterfaceOrientationPortrait UIInterfaceOrientationLandscapeLeft UIInterfaceOrientationLandscapeRight";
				LD_RUNPATH_SEARCH_PATHS = (
					"$(inherited)",
					"@executable_path/Frameworks",
				);
				MARKETING_VERSION = 1.0;
				PRODUCT_BUNDLE_IDENTIFIER = "com.Ruintelligence.Week4-Assignment-TableView";
				PRODUCT_NAME = "$(TARGET_NAME)";
				SWIFT_EMIT_LOC_STRINGS = YES;
				SWIFT_VERSION = 5.0;
				TARGETED_DEVICE_FAMILY = "1,2";
			};
			name = Debug;
		};
		B3141B662C3F6DFC00FE8A4E /* Release */ = {
			isa = XCBuildConfiguration;
			buildSettings = {
				ASSETCATALOG_COMPILER_APPICON_NAME = AppIcon;
				ASSETCATALOG_COMPILER_GLOBAL_ACCENT_COLOR_NAME = AccentColor;
				CODE_SIGN_STYLE = Automatic;
				CURRENT_PROJECT_VERSION = 1;
				DEVELOPMENT_TEAM = V8MQ39JANS;
				GENERATE_INFOPLIST_FILE = YES;
				INFOPLIST_FILE = "Week4 Assignment_TableView/Info.plist";
				INFOPLIST_KEY_UIApplicationSupportsIndirectInputEvents = YES;
				INFOPLIST_KEY_UILaunchStoryboardName = LaunchScreen;
				INFOPLIST_KEY_UIMainStoryboardFile = Main;
				INFOPLIST_KEY_UISupportedInterfaceOrientations_iPad = "UIInterfaceOrientationPortrait UIInterfaceOrientationPortraitUpsideDown UIInterfaceOrientationLandscapeLeft UIInterfaceOrientationLandscapeRight";
				INFOPLIST_KEY_UISupportedInterfaceOrientations_iPhone = "UIInterfaceOrientationPortrait UIInterfaceOrientationLandscapeLeft UIInterfaceOrientationLandscapeRight";
				LD_RUNPATH_SEARCH_PATHS = (
					"$(inherited)",
					"@executable_path/Frameworks",
				);
				MARKETING_VERSION = 1.0;
				PRODUCT_BUNDLE_IDENTIFIER = "com.Ruintelligence.Week4-Assignment-TableView";
				PRODUCT_NAME = "$(TARGET_NAME)";
				SWIFT_EMIT_LOC_STRINGS = YES;
				SWIFT_VERSION = 5.0;
				TARGETED_DEVICE_FAMILY = "1,2";
			};
			name = Release;
		};
/* End XCBuildConfiguration section */

/* Begin XCConfigurationList section */
		B3141B4B2C3F6DFB00FE8A4E /* Build configuration list for PBXProject "Week4 Assignment_TableView" */ = {
			isa = XCConfigurationList;
			buildConfigurations = (
				B3141B622C3F6DFC00FE8A4E /* Debug */,
				B3141B632C3F6DFC00FE8A4E /* Release */,
			);
			defaultConfigurationIsVisible = 0;
			defaultConfigurationName = Release;
		};
		B3141B642C3F6DFC00FE8A4E /* Build configuration list for PBXNativeTarget "Week4 Assignment_TableView" */ = {
			isa = XCConfigurationList;
			buildConfigurations = (
				B3141B652C3F6DFC00FE8A4E /* Debug */,
				B3141B662C3F6DFC00FE8A4E /* Release */,
			);
			defaultConfigurationIsVisible = 0;
			defaultConfigurationName = Release;
		};
/* End XCConfigurationList section */
	};
	rootObject = B3141B482C3F6DFB00FE8A4E /* Project object */;
}
